// !$*UTF8*$!
{
	archiveVersion = 1;
	classes = {
	};
	objectVersion = 77;
	objects = {

/* Begin PBXContainerItemProxy section */
		EF18E7562D979B6700BCF244 /* PBXContainerItemProxy */ = {
			isa = PBXContainerItemProxy;
			containerPortal = EF18E73B2D979B6400BCF244 /* Project object */;
			proxyType = 1;
			remoteGlobalIDString = EF18E7422D979B6400BCF244;
			remoteInfo = CourseProject;
		};
		EF18E7602D979B6700BCF244 /* PBXContainerItemProxy */ = {
			isa = PBXContainerItemProxy;
			containerPortal = EF18E73B2D979B6400BCF244 /* Project object */;
			proxyType = 1;
			remoteGlobalIDString = EF18E7422D979B6400BCF244;
			remoteInfo = CourseProject;
		};
/* End PBXContainerItemProxy section */

/* Begin PBXFileReference section */
		EF18E7432D979B6400BCF244 /* CourseProject.app */ = {isa = PBXFileReference; explicitFileType = wrapper.application; includeInIndex = 0; path = CourseProject.app; sourceTree = BUILT_PRODUCTS_DIR; };
		EF18E7552D979B6700BCF244 /* CourseProjectTests.xctest */ = {isa = PBXFileReference; explicitFileType = wrapper.cfbundle; includeInIndex = 0; path = CourseProjectTests.xctest; sourceTree = BUILT_PRODUCTS_DIR; };
		EF18E75F2D979B6700BCF244 /* CourseProjectUITests.xctest */ = {isa = PBXFileReference; explicitFileType = wrapper.cfbundle; includeInIndex = 0; path = CourseProjectUITests.xctest; sourceTree = BUILT_PRODUCTS_DIR; };
/* End PBXFileReference section */

/* Begin PBXFileSystemSynchronizedRootGroup section */
		EF18E7452D979B6400BCF244 /* CourseProject */ = {
			isa = PBXFileSystemSynchronizedRootGroup;
			path = CourseProject;
			sourceTree = "<group>";
		};
		EF18E7582D979B6700BCF244 /* CourseProjectTests */ = {
			isa = PBXFileSystemSynchronizedRootGroup;
			path = CourseProjectTests;
			sourceTree = "<group>";
		};
		EF18E7622D979B6700BCF244 /* CourseProjectUITests */ = {
			isa = PBXFileSystemSynchronizedRootGroup;
			path = CourseProjectUITests;
			sourceTree = "<group>";
		};
/* End PBXFileSystemSynchronizedRootGroup section */

/* Begin PBXFrameworksBuildPhase section */
		EF18E7402D979B6400BCF244 /* Frameworks */ = {
			isa = PBXFrameworksBuildPhase;
			buildActionMask = 2147483647;
			files = (
			);
			runOnlyForDeploymentPostprocessing = 0;
		};
		EF18E7522D979B6700BCF244 /* Frameworks */ = {
			isa = PBXFrameworksBuildPhase;
			buildActionMask = 2147483647;
			files = (
			);
			runOnlyForDeploymentPostprocessing = 0;
		};
		EF18E75C2D979B6700BCF244 /* Frameworks */ = {
			isa = PBXFrameworksBuildPhase;
			buildActionMask = 2147483647;
			files = (
			);
			runOnlyForDeploymentPostprocessing = 0;
		};
/* End PBXFrameworksBuildPhase section */

/* Begin PBXGroup section */
		EF18E73A2D979B6400BCF244 = {
			isa = PBXGroup;
			children = (
				EF18E7452D979B6400BCF244 /* CourseProject */,
				EF18E7582D979B6700BCF244 /* CourseProjectTests */,
				EF18E7622D979B6700BCF244 /* CourseProjectUITests */,
				EF18E7442D979B6400BCF244 /* Products */,
			);
			sourceTree = "<group>";
		};
		EF18E7442D979B6400BCF244 /* Products */ = {
			isa = PBXGroup;
			children = (
				EF18E7432D979B6400BCF244 /* CourseProject.app */,
				EF18E7552D979B6700BCF244 /* CourseProjectTests.xctest */,
				EF18E75F2D979B6700BCF244 /* CourseProjectUITests.xctest */,
			);
			name = Products;
			sourceTree = "<group>";
		};
/* End PBXGroup section */

/* Begin PBXNativeTarget section */
		EF18E7422D979B6400BCF244 /* CourseProject */ = {
			isa = PBXNativeTarget;
			buildConfigurationList = EF18E7692D979B6700BCF244 /* Build configuration list for PBXNativeTarget "CourseProject" */;
			buildPhases = (
				EF18E73F2D979B6400BCF244 /* Sources */,
				EF18E7402D979B6400BCF244 /* Frameworks */,
				EF18E7412D979B6400BCF244 /* Resources */,
			);
			buildRules = (
			);
			dependencies = (
			);
			fileSystemSynchronizedGroups = (
				EF18E7452D979B6400BCF244 /* CourseProject */,
			);
			name = CourseProject;
			packageProductDependencies = (
			);
			productName = CourseProject;
			productReference = EF18E7432D979B6400BCF244 /* CourseProject.app */;
			productType = "com.apple.product-type.application";
		};
		EF18E7542D979B6700BCF244 /* CourseProjectTests */ = {
			isa = PBXNativeTarget;
			buildConfigurationList = EF18E76C2D979B6700BCF244 /* Build configuration list for PBXNativeTarget "CourseProjectTests" */;
			buildPhases = (
				EF18E7512D979B6700BCF244 /* Sources */,
				EF18E7522D979B6700BCF244 /* Frameworks */,
				EF18E7532D979B6700BCF244 /* Resources */,
			);
			buildRules = (
			);
			dependencies = (
				EF18E7572D979B6700BCF244 /* PBXTargetDependency */,
			);
			fileSystemSynchronizedGroups = (
				EF18E7582D979B6700BCF244 /* CourseProjectTests */,
			);
			name = CourseProjectTests;
			packageProductDependencies = (
			);
			productName = CourseProjectTests;
			productReference = EF18E7552D979B6700BCF244 /* CourseProjectTests.xctest */;
			productType = "com.apple.product-type.bundle.unit-test";
		};
		EF18E75E2D979B6700BCF244 /* CourseProjectUITests */ = {
			isa = PBXNativeTarget;
			buildConfigurationList = EF18E76F2D979B6700BCF244 /* Build configuration list for PBXNativeTarget "CourseProjectUITests" */;
			buildPhases = (
				EF18E75B2D979B6700BCF244 /* Sources */,
				EF18E75C2D979B6700BCF244 /* Frameworks */,
				EF18E75D2D979B6700BCF244 /* Resources */,
			);
			buildRules = (
			);
			dependencies = (
				EF18E7612D979B6700BCF244 /* PBXTargetDependency */,
			);
			fileSystemSynchronizedGroups = (
				EF18E7622D979B6700BCF244 /* CourseProjectUITests */,
			);
			name = CourseProjectUITests;
			packageProductDependencies = (
			);
			productName = CourseProjectUITests;
			productReference = EF18E75F2D979B6700BCF244 /* CourseProjectUITests.xctest */;
			productType = "com.apple.product-type.bundle.ui-testing";
		};
/* End PBXNativeTarget section */

/* Begin PBXProject section */
		EF18E73B2D979B6400BCF244 /* Project object */ = {
			isa = PBXProject;
			attributes = {
				BuildIndependentTargetsInParallel = 1;
				LastSwiftUpdateCheck = 1620;
				LastUpgradeCheck = 1620;
				TargetAttributes = {
					EF18E7422D979B6400BCF244 = {
						CreatedOnToolsVersion = 16.2;
					};
					EF18E7542D979B6700BCF244 = {
						CreatedOnToolsVersion = 16.2;
						TestTargetID = EF18E7422D979B6400BCF244;
					};
					EF18E75E2D979B6700BCF244 = {
						CreatedOnToolsVersion = 16.2;
						TestTargetID = EF18E7422D979B6400BCF244;
					};
				};
			};
			buildConfigurationList = EF18E73E2D979B6400BCF244 /* Build configuration list for PBXProject "CourseProject" */;
			developmentRegion = en;
			hasScannedForEncodings = 0;
			knownRegions = (
				en,
				Base,
			);
			mainGroup = EF18E73A2D979B6400BCF244;
			minimizedProjectReferenceProxies = 1;
			preferredProjectObjectVersion = 77;
			productRefGroup = EF18E7442D979B6400BCF244 /* Products */;
			projectDirPath = "";
			projectRoot = "";
			targets = (
				EF18E7422D979B6400BCF244 /* CourseProject */,
				EF18E7542D979B6700BCF244 /* CourseProjectTests */,
				EF18E75E2D979B6700BCF244 /* CourseProjectUITests */,
			);
		};
/* End PBXProject section */

/* Begin PBXResourcesBuildPhase section */
		EF18E7412D979B6400BCF244 /* Resources */ = {
			isa = PBXResourcesBuildPhase;
			buildActionMask = 2147483647;
			files = (
			);
			runOnlyForDeploymentPostprocessing = 0;
		};
		EF18E7532D979B6700BCF244 /* Resources */ = {
			isa = PBXResourcesBuildPhase;
			buildActionMask = 2147483647;
			files = (
			);
			runOnlyForDeploymentPostprocessing = 0;
		};
		EF18E75D2D979B6700BCF244 /* Resources */ = {
			isa = PBXResourcesBuildPhase;
			buildActionMask = 2147483647;
			files = (
			);
			runOnlyForDeploymentPostprocessing = 0;
		};
/* End PBXResourcesBuildPhase section */

/* Begin PBXSourcesBuildPhase section */
		EF18E73F2D979B6400BCF244 /* Sources */ = {
			isa = PBXSourcesBuildPhase;
			buildActionMask = 2147483647;
			files = (
			);
			runOnlyForDeploymentPostprocessing = 0;
		};
		EF18E7512D979B6700BCF244 /* Sources */ = {
			isa = PBXSourcesBuildPhase;
			buildActionMask = 2147483647;
			files = (
			);
			runOnlyForDeploymentPostprocessing = 0;
		};
		EF18E75B2D979B6700BCF244 /* Sources */ = {
			isa = PBXSourcesBuildPhase;
			buildActionMask = 2147483647;
			files = (
			);
			runOnlyForDeploymentPostprocessing = 0;
		};
/* End PBXSourcesBuildPhase section */

/* Begin PBXTargetDependency section */
		EF18E7572D979B6700BCF244 /* PBXTargetDependency */ = {
			isa = PBXTargetDependency;
			target = EF18E7422D979B6400BCF244 /* CourseProject */;
			targetProxy = EF18E7562D979B6700BCF244 /* PBXContainerItemProxy */;
		};
		EF18E7612D979B6700BCF244 /* PBXTargetDependency */ = {
			isa = PBXTargetDependency;
			target = EF18E7422D979B6400BCF244 /* CourseProject */;
			targetProxy = EF18E7602D979B6700BCF244 /* PBXContainerItemProxy */;
		};
/* End PBXTargetDependency section */

/* Begin XCBuildConfiguration section */
		EF18E7672D979B6700BCF244 /* Debug */ = {
			isa = XCBuildConfiguration;
			buildSettings = {
				ALWAYS_SEARCH_USER_PATHS = NO;
				ASSETCATALOG_COMPILER_GENERATE_SWIFT_ASSET_SYMBOL_EXTENSIONS = YES;
				CLANG_ANALYZER_NONNULL = YES;
				CLANG_ANALYZER_NUMBER_OBJECT_CONVERSION = YES_AGGRESSIVE;
				CLANG_CXX_LANGUAGE_STANDARD = "gnu++20";
				CLANG_ENABLE_MODULES = YES;
				CLANG_ENABLE_OBJC_ARC = YES;
				CLANG_ENABLE_OBJC_WEAK = YES;
				CLANG_WARN_BLOCK_CAPTURE_AUTORELEASING = YES;
				CLANG_WARN_BOOL_CONVERSION = YES;
				CLANG_WARN_COMMA = YES;
				CLANG_WARN_CONSTANT_CONVERSION = YES;
				CLANG_WARN_DEPRECATED_OBJC_IMPLEMENTATIONS = YES;
				CLANG_WARN_DIRECT_OBJC_ISA_USAGE = YES_ERROR;
				CLANG_WARN_DOCUMENTATION_COMMENTS = YES;
				CLANG_WARN_EMPTY_BODY = YES;
				CLANG_WARN_ENUM_CONVERSION = YES;
				CLANG_WARN_INFINITE_RECURSION = YES;
				CLANG_WARN_INT_CONVERSION = YES;
				CLANG_WARN_NON_LITERAL_NULL_CONVERSION = YES;
				CLANG_WARN_OBJC_IMPLICIT_RETAIN_SELF = YES;
				CLANG_WARN_OBJC_LITERAL_CONVERSION = YES;
				CLANG_WARN_OBJC_ROOT_CLASS = YES_ERROR;
				CLANG_WARN_QUOTED_INCLUDE_IN_FRAMEWORK_HEADER = YES;
				CLANG_WARN_RANGE_LOOP_ANALYSIS = YES;
				CLANG_WARN_STRICT_PROTOTYPES = YES;
				CLANG_WARN_SUSPICIOUS_MOVE = YES;
				CLANG_WARN_UNGUARDED_AVAILABILITY = YES_AGGRESSIVE;
				CLANG_WARN_UNREACHABLE_CODE = YES;
				CLANG_WARN__DUPLICATE_METHOD_MATCH = YES;
				COPY_PHASE_STRIP = NO;
				DEBUG_INFORMATION_FORMAT = dwarf;
				ENABLE_STRICT_OBJC_MSGSEND = YES;
				ENABLE_TESTABILITY = YES;
				ENABLE_USER_SCRIPT_SANDBOXING = YES;
				GCC_C_LANGUAGE_STANDARD = gnu17;
				GCC_DYNAMIC_NO_PIC = NO;
				GCC_NO_COMMON_BLOCKS = YES;
				GCC_OPTIMIZATION_LEVEL = 0;
				GCC_PREPROCESSOR_DEFINITIONS = (
					"DEBUG=1",
					"$(inherited)",
				);
				GCC_WARN_64_TO_32_BIT_CONVERSION = YES;
				GCC_WARN_ABOUT_RETURN_TYPE = YES_ERROR;
				GCC_WARN_UNDECLARED_SELECTOR = YES;
				GCC_WARN_UNINITIALIZED_AUTOS = YES_AGGRESSIVE;
				GCC_WARN_UNUSED_FUNCTION = YES;
				GCC_WARN_UNUSED_VARIABLE = YES;
				IPHONEOS_DEPLOYMENT_TARGET = 18.2;
				LOCALIZATION_PREFERS_STRING_CATALOGS = YES;
				MTL_ENABLE_DEBUG_INFO = INCLUDE_SOURCE;
				MTL_FAST_MATH = YES;
				ONLY_ACTIVE_ARCH = YES;
				SDKROOT = iphoneos;
				SWIFT_ACTIVE_COMPILATION_CONDITIONS = "DEBUG $(inherited)";
				SWIFT_OPTIMIZATION_LEVEL = "-Onone";
			};
			name = Debug;
		};
		EF18E7682D979B6700BCF244 /* Release */ = {
			isa = XCBuildConfiguration;
			buildSettings = {
				ALWAYS_SEARCH_USER_PATHS = NO;
				ASSETCATALOG_COMPILER_GENERATE_SWIFT_ASSET_SYMBOL_EXTENSIONS = YES;
				CLANG_ANALYZER_NONNULL = YES;
				CLANG_ANALYZER_NUMBER_OBJECT_CONVERSION = YES_AGGRESSIVE;
				CLANG_CXX_LANGUAGE_STANDARD = "gnu++20";
				CLANG_ENABLE_MODULES = YES;
				CLANG_ENABLE_OBJC_ARC = YES;
				CLANG_ENABLE_OBJC_WEAK = YES;
				CLANG_WARN_BLOCK_CAPTURE_AUTORELEASING = YES;
				CLANG_WARN_BOOL_CONVERSION = YES;
				CLANG_WARN_COMMA = YES;
				CLANG_WARN_CONSTANT_CONVERSION = YES;
				CLANG_WARN_DEPRECATED_OBJC_IMPLEMENTATIONS = YES;
				CLANG_WARN_DIRECT_OBJC_ISA_USAGE = YES_ERROR;
				CLANG_WARN_DOCUMENTATION_COMMENTS = YES;
				CLANG_WARN_EMPTY_BODY = YES;
				CLANG_WARN_ENUM_CONVERSION = YES;
				CLANG_WARN_INFINITE_RECURSION = YES;
				CLANG_WARN_INT_CONVERSION = YES;
				CLANG_WARN_NON_LITERAL_NULL_CONVERSION = YES;
				CLANG_WARN_OBJC_IMPLICIT_RETAIN_SELF = YES;
				CLANG_WARN_OBJC_LITERAL_CONVERSION = YES;
				CLANG_WARN_OBJC_ROOT_CLASS = YES_ERROR;
				CLANG_WARN_QUOTED_INCLUDE_IN_FRAMEWORK_HEADER = YES;
				CLANG_WARN_RANGE_LOOP_ANALYSIS = YES;
				CLANG_WARN_STRICT_PROTOTYPES = YES;
				CLANG_WARN_SUSPICIOUS_MOVE = YES;
				CLANG_WARN_UNGUARDED_AVAILABILITY = YES_AGGRESSIVE;
				CLANG_WARN_UNREACHABLE_CODE = YES;
				CLANG_WARN__DUPLICATE_METHOD_MATCH = YES;
				COPY_PHASE_STRIP = NO;
				DEBUG_INFORMATION_FORMAT = "dwarf-with-dsym";
				ENABLE_NS_ASSERTIONS = NO;
				ENABLE_STRICT_OBJC_MSGSEND = YES;
				ENABLE_USER_SCRIPT_SANDBOXING = YES;
				GCC_C_LANGUAGE_STANDARD = gnu17;
				GCC_NO_COMMON_BLOCKS = YES;
				GCC_WARN_64_TO_32_BIT_CONVERSION = YES;
				GCC_WARN_ABOUT_RETURN_TYPE = YES_ERROR;
				GCC_WARN_UNDECLARED_SELECTOR = YES;
				GCC_WARN_UNINITIALIZED_AUTOS = YES_AGGRESSIVE;
				GCC_WARN_UNUSED_FUNCTION = YES;
				GCC_WARN_UNUSED_VARIABLE = YES;
				IPHONEOS_DEPLOYMENT_TARGET = 18.2;
				LOCALIZATION_PREFERS_STRING_CATALOGS = YES;
				MTL_ENABLE_DEBUG_INFO = NO;
				MTL_FAST_MATH = YES;
				SDKROOT = iphoneos;
				SWIFT_COMPILATION_MODE = wholemodule;
				VALIDATE_PRODUCT = YES;
			};
			name = Release;
		};
		EF18E76A2D979B6700BCF244 /* Debug */ = {
			isa = XCBuildConfiguration;
			buildSettings = {
				ASSETCATALOG_COMPILER_APPICON_NAME = AppIcon;
				ASSETCATALOG_COMPILER_GLOBAL_ACCENT_COLOR_NAME = AccentColor;
				CODE_SIGN_STYLE = Automatic;
				CURRENT_PROJECT_VERSION = 1;
				DEVELOPMENT_ASSET_PATHS = "\"CourseProject/Preview Content\"";
				ENABLE_PREVIEWS = YES;
				GENERATE_INFOPLIST_FILE = YES;
				INFOPLIST_KEY_UIApplicationSceneManifest_Generation = YES;
				INFOPLIST_KEY_UIApplicationSupportsIndirectInputEvents = YES;
				INFOPLIST_KEY_UILaunchScreen_Generation = YES;
				INFOPLIST_KEY_UISupportedInterfaceOrientations_iPad = "UIInterfaceOrientationPortrait UIInterfaceOrientationPortraitUpsideDown UIInterfaceOrientationLandscapeLeft UIInterfaceOrientationLandscapeRight";
				INFOPLIST_KEY_UISupportedInterfaceOrientations_iPhone = "UIInterfaceOrientationPortrait UIInterfaceOrientationLandscapeLeft UIInterfaceOrientationLandscapeRight";
				LD_RUNPATH_SEARCH_PATHS = (
					"$(inherited)",
					"@executable_path/Frameworks",
				);
				MARKETING_VERSION = 1.0;
				PRODUCT_BUNDLE_IDENTIFIER = CSE335.CourseProject;
				PRODUCT_NAME = "$(TARGET_NAME)";
				SWIFT_EMIT_LOC_STRINGS = YES;
				SWIFT_VERSION = 5.0;
				TARGETED_DEVICE_FAMILY = "1,2";
			};
			name = Debug;
		};
		EF18E76B2D979B6700BCF244 /* Release */ = {
			isa = XCBuildConfiguration;
			buildSettings = {
				ASSETCATALOG_COMPILER_APPICON_NAME = AppIcon;
				ASSETCATALOG_COMPILER_GLOBAL_ACCENT_COLOR_NAME = AccentColor;
				CODE_SIGN_STYLE = Automatic;
				CURRENT_PROJECT_VERSION = 1;
				DEVELOPMENT_ASSET_PATHS = "\"CourseProject/Preview Content\"";
				ENABLE_PREVIEWS = YES;
				GENERATE_INFOPLIST_FILE = YES;
				INFOPLIST_KEY_UIApplicationSceneManifest_Generation = YES;
				INFOPLIST_KEY_UIApplicationSupportsIndirectInputEvents = YES;
				INFOPLIST_KEY_UILaunchScreen_Generation = YES;
				INFOPLIST_KEY_UISupportedInterfaceOrientations_iPad = "UIInterfaceOrientationPortrait UIInterfaceOrientationPortraitUpsideDown UIInterfaceOrientationLandscapeLeft UIInterfaceOrientationLandscapeRight";
				INFOPLIST_KEY_UISupportedInterfaceOrientations_iPhone = "UIInterfaceOrientationPortrait UIInterfaceOrientationLandscapeLeft UIInterfaceOrientationLandscapeRight";
				LD_RUNPATH_SEARCH_PATHS = (
					"$(inherited)",
					"@executable_path/Frameworks",
				);
				MARKETING_VERSION = 1.0;
				PRODUCT_BUNDLE_IDENTIFIER = CSE335.CourseProject;
				PRODUCT_NAME = "$(TARGET_NAME)";
				SWIFT_EMIT_LOC_STRINGS = YES;
				SWIFT_VERSION = 5.0;
				TARGETED_DEVICE_FAMILY = "1,2";
			};
			name = Release;
		};
		EF18E76D2D979B6700BCF244 /* Debug */ = {
			isa = XCBuildConfiguration;
			buildSettings = {
				BUNDLE_LOADER = "$(TEST_HOST)";
				CODE_SIGN_STYLE = Automatic;
				CURRENT_PROJECT_VERSION = 1;
				GENERATE_INFOPLIST_FILE = YES;
				IPHONEOS_DEPLOYMENT_TARGET = 18.2;
				MARKETING_VERSION = 1.0;
				PRODUCT_BUNDLE_IDENTIFIER = CSE335.CourseProjectTests;
				PRODUCT_NAME = "$(TARGET_NAME)";
				SWIFT_EMIT_LOC_STRINGS = NO;
				SWIFT_VERSION = 5.0;
				TARGETED_DEVICE_FAMILY = "1,2";
				TEST_HOST = "$(BUILT_PRODUCTS_DIR)/CourseProject.app/$(BUNDLE_EXECUTABLE_FOLDER_PATH)/CourseProject";
			};
			name = Debug;
		};
		EF18E76E2D979B6700BCF244 /* Release */ = {
			isa = XCBuildConfiguration;
			buildSettings = {
				BUNDLE_LOADER = "$(TEST_HOST)";
				CODE_SIGN_STYLE = Automatic;
				CURRENT_PROJECT_VERSION = 1;
				GENERATE_INFOPLIST_FILE = YES;
				IPHONEOS_DEPLOYMENT_TARGET = 18.2;
				MARKETING_VERSION = 1.0;
				PRODUCT_BUNDLE_IDENTIFIER = CSE335.CourseProjectTests;
				PRODUCT_NAME = "$(TARGET_NAME)";
				SWIFT_EMIT_LOC_STRINGS = NO;
				SWIFT_VERSION = 5.0;
				TARGETED_DEVICE_FAMILY = "1,2";
				TEST_HOST = "$(BUILT_PRODUCTS_DIR)/CourseProject.app/$(BUNDLE_EXECUTABLE_FOLDER_PATH)/CourseProject";
			};
			name = Release;
		};
		EF18E7702D979B6700BCF244 /* Debug */ = {
			isa = XCBuildConfiguration;
			buildSettings = {
				CODE_SIGN_STYLE = Automatic;
				CURRENT_PROJECT_VERSION = 1;
				GENERATE_INFOPLIST_FILE = YES;
				MARKETING_VERSION = 1.0;
				PRODUCT_BUNDLE_IDENTIFIER = CSE335.CourseProjectUITests;
				PRODUCT_NAME = "$(TARGET_NAME)";
				SWIFT_EMIT_LOC_STRINGS = NO;
				SWIFT_VERSION = 5.0;
				TARGETED_DEVICE_FAMILY = "1,2";
				TEST_TARGET_NAME = CourseProject;
			};
			name = Debug;
		};
		EF18E7712D979B6700BCF244 /* Release */ = {
			isa = XCBuildConfiguration;
			buildSettings = {
				CODE_SIGN_STYLE = Automatic;
				CURRENT_PROJECT_VERSION = 1;
				GENERATE_INFOPLIST_FILE = YES;
				MARKETING_VERSION = 1.0;
				PRODUCT_BUNDLE_IDENTIFIER = CSE335.CourseProjectUITests;
				PRODUCT_NAME = "$(TARGET_NAME)";
				SWIFT_EMIT_LOC_STRINGS = NO;
				SWIFT_VERSION = 5.0;
				TARGETED_DEVICE_FAMILY = "1,2";
				TEST_TARGET_NAME = CourseProject;
			};
			name = Release;
		};
/* End XCBuildConfiguration section */

/* Begin XCConfigurationList section */
		EF18E73E2D979B6400BCF244 /* Build configuration list for PBXProject "CourseProject" */ = {
			isa = XCConfigurationList;
			buildConfigurations = (
				EF18E7672D979B6700BCF244 /* Debug */,
				EF18E7682D979B6700BCF244 /* Release */,
			);
			defaultConfigurationIsVisible = 0;
			defaultConfigurationName = Release;
		};
		EF18E7692D979B6700BCF244 /* Build configuration list for PBXNativeTarget "CourseProject" */ = {
			isa = XCConfigurationList;
			buildConfigurations = (
				EF18E76A2D979B6700BCF244 /* Debug */,
				EF18E76B2D979B6700BCF244 /* Release */,
			);
			defaultConfigurationIsVisible = 0;
			defaultConfigurationName = Release;
		};
		EF18E76C2D979B6700BCF244 /* Build configuration list for PBXNativeTarget "CourseProjectTests" */ = {
			isa = XCConfigurationList;
			buildConfigurations = (
				EF18E76D2D979B6700BCF244 /* Debug */,
				EF18E76E2D979B6700BCF244 /* Release */,
			);
			defaultConfigurationIsVisible = 0;
			defaultConfigurationName = Release;
		};
		EF18E76F2D979B6700BCF244 /* Build configuration list for PBXNativeTarget "CourseProjectUITests" */ = {
			isa = XCConfigurationList;
			buildConfigurations = (
				EF18E7702D979B6700BCF244 /* Debug */,
				EF18E7712D979B6700BCF244 /* Release */,
			);
			defaultConfigurationIsVisible = 0;
			defaultConfigurationName = Release;
		};
/* End XCConfigurationList section */
	};
	rootObject = EF18E73B2D979B6400BCF244 /* Project object */;
}
